
Microsoft Visual Studio Solution File, Format Version 12.00
# Visual Studio Version 17
VisualStudioVersion = 17.5.33414.496
MinimumVisualStudioVersion = 10.0.40219.1
Project("{9A19103F-16F7-4668-BE54-9A1E7A4F7556}") = "DockerAPIGateway", "DockerAPIGateway\DockerAPIGateway.csproj", "{D2A6E69C-1146-41B9-AFDD-9C28DB378983}"
EndProject
Project("{9A19103F-16F7-4668-BE54-9A1E7A4F7556}") = "DockerAPIAuthentication", "DockerAPIAuthentication\DockerAPIAuthentication.csproj", "{724B1B92-335D-4A86-AF38-045CA40D6E3D}"
EndProject
Project("{9A19103F-16F7-4668-BE54-9A1E7A4F7556}") = "DockerWebApplication", "DockerWebApplication\DockerWebApplication.csproj", "{627C1490-7E99-49DC-A27B-37F478D14721}"
EndProject
Project("{9A19103F-16F7-4668-BE54-9A1E7A4F7556}") = "DockerAPIMembers", "DockerAPIMembers\DockerAPIMembers.csproj", "{E39DEBCA-6DAE-4CFE-81DF-AED3C56E3BCD}"
EndProject
Project("{9A19103F-16F7-4668-BE54-9A1E7A4F7556}") = "DockerAPIDataAccess", "DockerAPIDataAccess\DockerAPIDataAccess.csproj", "{5CEDA239-1DF4-4714-8793-402385FA5DCA}"
EndProject
Project("{9A19103F-16F7-4668-BE54-9A1E7A4F7556}") = "DockerAPIDataModels", "DockerAPIDataModels\DockerAPIDataModels.csproj", "{C7816C60-1BF6-4E6D-AEFB-26158DCA0718}"
EndProject
Global
	GlobalSection(SolutionConfigurationPlatforms) = preSolution
		Debug|Any CPU = Debug|Any CPU
		Release|Any CPU = Release|Any CPU
	EndGlobalSection
	GlobalSection(ProjectConfigurationPlatforms) = postSolution
		{D2A6E69C-1146-41B9-AFDD-9C28DB378983}.Debug|Any CPU.ActiveCfg = Debug|Any CPU
		{D2A6E69C-1146-41B9-AFDD-9C28DB378983}.Debug|Any CPU.Build.0 = Debug|Any CPU
		{D2A6E69C-1146-41B9-AFDD-9C28DB378983}.Release|Any CPU.ActiveCfg = Release|Any CPU
		{D2A6E69C-1146-41B9-AFDD-9C28DB378983}.Release|Any CPU.Build.0 = Release|Any CPU
		{724B1B92-335D-4A86-AF38-045CA40D6E3D}.Debug|Any CPU.ActiveCfg = Debug|Any CPU
		{724B1B92-335D-4A86-AF38-045CA40D6E3D}.Debug|Any CPU.Build.0 = Debug|Any CPU
		{724B1B92-335D-4A86-AF38-045CA40D6E3D}.Release|Any CPU.ActiveCfg = Release|Any CPU
		{724B1B92-335D-4A86-AF38-045CA40D6E3D}.Release|Any CPU.Build.0 = Release|Any CPU
		{627C1490-7E99-49DC-A27B-37F478D14721}.Debug|Any CPU.ActiveCfg = Debug|Any CPU
		{627C1490-7E99-49DC-A27B-37F478D14721}.Debug|Any CPU.Build.0 = Debug|Any CPU
		{627C1490-7E99-49DC-A27B-37F478D14721}.Release|Any CPU.ActiveCfg = Release|Any CPU
		{627C1490-7E99-49DC-A27B-37F478D14721}.Release|Any CPU.Build.0 = Release|Any CPU
		{E39DEBCA-6DAE-4CFE-81DF-AED3C56E3BCD}.Debug|Any CPU.ActiveCfg = Debug|Any CPU
		{E39DEBCA-6DAE-4CFE-81DF-AED3C56E3BCD}.Debug|Any CPU.Build.0 = Debug|Any CPU
		{E39DEBCA-6DAE-4CFE-81DF-AED3C56E3BCD}.Release|Any CPU.ActiveCfg = Release|Any CPU
		{E39DEBCA-6DAE-4CFE-81DF-AED3C56E3BCD}.Release|Any CPU.Build.0 = Release|Any CPU
		{5CEDA239-1DF4-4714-8793-402385FA5DCA}.Debug|Any CPU.ActiveCfg = Debug|Any CPU
		{5CEDA239-1DF4-4714-8793-402385FA5DCA}.Debug|Any CPU.Build.0 = Debug|Any CPU
		{5CEDA239-1DF4-4714-8793-402385FA5DCA}.Release|Any CPU.ActiveCfg = Release|Any CPU
		{5CEDA239-1DF4-4714-8793-402385FA5DCA}.Release|Any CPU.Build.0 = Release|Any CPU
		{C7816C60-1BF6-4E6D-AEFB-26158DCA0718}.Debug|Any CPU.ActiveCfg = Debug|Any CPU
		{C7816C60-1BF6-4E6D-AEFB-26158DCA0718}.Debug|Any CPU.Build.0 = Debug|Any CPU
		{C7816C60-1BF6-4E6D-AEFB-26158DCA0718}.Release|Any CPU.ActiveCfg = Release|Any CPU
		{C7816C60-1BF6-4E6D-AEFB-26158DCA0718}.Release|Any CPU.Build.0 = Release|Any CPU
	EndGlobalSection
	GlobalSection(SolutionProperties) = preSolution
		HideSolutionNode = FALSE
	EndGlobalSection
	GlobalSection(ExtensibilityGlobals) = postSolution
		SolutionGuid = {42BA5600-158A-402B-A4CA-3282D6903F1B}
	EndGlobalSection
EndGlobal
